
Microsoft Visual Studio Solution File, Format Version 12.00
# Visual Studio Version 17
VisualStudioVersion = 17.7.34202.233
MinimumVisualStudioVersion = 10.0.40219.1
Project("{9A19103F-16F7-4668-BE54-9A1E7A4F7556}") = "Curso_CSharp", "Curso_CSharp\Curso_CSharp.csproj", "{93487E1A-F09F-4F43-BAC9-615BAD4CD798}"
EndProject
Project("{FAE04EC0-301F-11D3-BF4B-00C04F79EFBC}") = "Classes, atributos, metodos, membros estaticos", "Classes, atributos, metodos, membros estaticos\Classes, atributos, metodos, membros estaticos.csproj", "{C8DA5DA7-B590-47A7-9906-1A0BD2FE9DF3}"
EndProject
Global
	GlobalSection(SolutionConfigurationPlatforms) = preSolution
		Debug|Any CPU = Debug|Any CPU
		Release|Any CPU = Release|Any CPU
	EndGlobalSection
	GlobalSection(ProjectConfigurationPlatforms) = postSolution
		{93487E1A-F09F-4F43-BAC9-615BAD4CD798}.Debug|Any CPU.ActiveCfg = Debug|Any CPU
		{93487E1A-F09F-4F43-BAC9-615BAD4CD798}.Debug|Any CPU.Build.0 = Debug|Any CPU
		{93487E1A-F09F-4F43-BAC9-615BAD4CD798}.Release|Any CPU.ActiveCfg = Release|Any CPU
		{93487E1A-F09F-4F43-BAC9-615BAD4CD798}.Release|Any CPU.Build.0 = Release|Any CPU
		{C8DA5DA7-B590-47A7-9906-1A0BD2FE9DF3}.Debug|Any CPU.ActiveCfg = Debug|Any CPU
		{C8DA5DA7-B590-47A7-9906-1A0BD2FE9DF3}.Debug|Any CPU.Build.0 = Debug|Any CPU
		{C8DA5DA7-B590-47A7-9906-1A0BD2FE9DF3}.Release|Any CPU.ActiveCfg = Release|Any CPU
		{C8DA5DA7-B590-47A7-9906-1A0BD2FE9DF3}.Release|Any CPU.Build.0 = Release|Any CPU
	EndGlobalSection
	GlobalSection(SolutionProperties) = preSolution
		HideSolutionNode = FALSE
	EndGlobalSection
	GlobalSection(ExtensibilityGlobals) = postSolution
		SolutionGuid = {1233EF44-43F2-4F49-AECB-091965FFDF47}
	EndGlobalSection
EndGlobal
