
Microsoft Visual Studio Solution File, Format Version 12.00
# Visual Studio Version 17
VisualStudioVersion = 17.3.32929.385
MinimumVisualStudioVersion = 10.0.40219.1
Project("{9A19103F-16F7-4668-BE54-9A1E7A4F7556}") = "Curso_CSharp", "Curso_CSharp\Curso_CSharp.csproj", "{C3B3801C-87C6-4673-A1B6-C6B8B6B789AA}"
EndProject
Project("{9A19103F-16F7-4668-BE54-9A1E7A4F7556}") = "Curso_CSharp_Atividade2", "Curso_CSharp_Atividade2\Curso_CSharp_Atividade2.csproj", "{ACCBB2DB-AA9B-4BD1-9AC5-9B3671FE0ECA}"
EndProject
Project("{9A19103F-16F7-4668-BE54-9A1E7A4F7556}") = "Curso_CSharp_Atividade3", "Curso_CSharp_Atividade3\Curso_CSharp_Atividade3.csproj", "{C051692B-32AE-4E21-85A5-4BE4E5A55A8C}"
EndProject
Project("{9A19103F-16F7-4668-BE54-9A1E7A4F7556}") = "Curso_CSharp_Atividade4", "Curso_CSharp_Atividade4\Curso_CSharp_Atividade4.csproj", "{832EF283-8371-4E50-AF45-4C25D6DE5B08}"
EndProject
Global
	GlobalSection(SolutionConfigurationPlatforms) = preSolution
		Debug|Any CPU = Debug|Any CPU
		Release|Any CPU = Release|Any CPU
	EndGlobalSection
	GlobalSection(ProjectConfigurationPlatforms) = postSolution
		{C3B3801C-87C6-4673-A1B6-C6B8B6B789AA}.Debug|Any CPU.ActiveCfg = Debug|Any CPU
		{C3B3801C-87C6-4673-A1B6-C6B8B6B789AA}.Debug|Any CPU.Build.0 = Debug|Any CPU
		{C3B3801C-87C6-4673-A1B6-C6B8B6B789AA}.Release|Any CPU.ActiveCfg = Release|Any CPU
		{C3B3801C-87C6-4673-A1B6-C6B8B6B789AA}.Release|Any CPU.Build.0 = Release|Any CPU
		{ACCBB2DB-AA9B-4BD1-9AC5-9B3671FE0ECA}.Debug|Any CPU.ActiveCfg = Debug|Any CPU
		{ACCBB2DB-AA9B-4BD1-9AC5-9B3671FE0ECA}.Debug|Any CPU.Build.0 = Debug|Any CPU
		{ACCBB2DB-AA9B-4BD1-9AC5-9B3671FE0ECA}.Release|Any CPU.ActiveCfg = Release|Any CPU
		{ACCBB2DB-AA9B-4BD1-9AC5-9B3671FE0ECA}.Release|Any CPU.Build.0 = Release|Any CPU
		{C051692B-32AE-4E21-85A5-4BE4E5A55A8C}.Debug|Any CPU.ActiveCfg = Debug|Any CPU
		{C051692B-32AE-4E21-85A5-4BE4E5A55A8C}.Debug|Any CPU.Build.0 = Debug|Any CPU
		{C051692B-32AE-4E21-85A5-4BE4E5A55A8C}.Release|Any CPU.ActiveCfg = Release|Any CPU
		{C051692B-32AE-4E21-85A5-4BE4E5A55A8C}.Release|Any CPU.Build.0 = Release|Any CPU
		{832EF283-8371-4E50-AF45-4C25D6DE5B08}.Debug|Any CPU.ActiveCfg = Debug|Any CPU
		{832EF283-8371-4E50-AF45-4C25D6DE5B08}.Debug|Any CPU.Build.0 = Debug|Any CPU
		{832EF283-8371-4E50-AF45-4C25D6DE5B08}.Release|Any CPU.ActiveCfg = Release|Any CPU
		{832EF283-8371-4E50-AF45-4C25D6DE5B08}.Release|Any CPU.Build.0 = Release|Any CPU
	EndGlobalSection
	GlobalSection(SolutionProperties) = preSolution
		HideSolutionNode = FALSE
	EndGlobalSection
	GlobalSection(ExtensibilityGlobals) = postSolution
		SolutionGuid = {82BD510D-8717-4E5B-AA23-E74FB31A6AE1}
	EndGlobalSection
EndGlobal
